
Microsoft Visual Studio Solution File, Format Version 12.00
# Visual Studio Version 16
VisualStudioVersion = 16.0.35229.62
MinimumVisualStudioVersion = 10.0.40219.1
Project("{FAE04EC0-301F-11D3-BF4B-00C04F79EFBC}") = "ImageProcessingApplication", "ImageProcessingApplication\ImageProcessingApplication.csproj", "{A6EA7D27-1605-4D93-B2D3-59FF89712C67}"
EndProject
Project("{FAE04EC0-301F-11D3-BF4B-00C04F79EFBC}") = "ImageProcessingApplication.Tests", "ImageProcessingApplication.Tests\ImageProcessingApplication.Tests.csproj", "{589ABB6F-C0C3-4501-911D-D9EB19B20768}"
EndProject
Global
	GlobalSection(SolutionConfigurationPlatforms) = preSolution
		Debug|Any CPU = Debug|Any CPU
		Release|Any CPU = Release|Any CPU
	EndGlobalSection
	GlobalSection(ProjectConfigurationPlatforms) = postSolution
		{A6EA7D27-1605-4D93-B2D3-59FF89712C67}.Debug|Any CPU.ActiveCfg = Debug|Any CPU
		{A6EA7D27-1605-4D93-B2D3-59FF89712C67}.Debug|Any CPU.Build.0 = Debug|Any CPU
		{A6EA7D27-1605-4D93-B2D3-59FF89712C67}.Release|Any CPU.ActiveCfg = Release|Any CPU
		{A6EA7D27-1605-4D93-B2D3-59FF89712C67}.Release|Any CPU.Build.0 = Release|Any CPU
		{589ABB6F-C0C3-4501-911D-D9EB19B20768}.Debug|Any CPU.ActiveCfg = Debug|Any CPU
		{589ABB6F-C0C3-4501-911D-D9EB19B20768}.Debug|Any CPU.Build.0 = Debug|Any CPU
		{589ABB6F-C0C3-4501-911D-D9EB19B20768}.Release|Any CPU.ActiveCfg = Release|Any CPU
		{589ABB6F-C0C3-4501-911D-D9EB19B20768}.Release|Any CPU.Build.0 = Release|Any CPU
	EndGlobalSection
	GlobalSection(SolutionProperties) = preSolution
		HideSolutionNode = FALSE
	EndGlobalSection
	GlobalSection(ExtensibilityGlobals) = postSolution
		SolutionGuid = {B9ED64CD-7CF7-417C-B8C5-2FDAAD00B3A1}
	EndGlobalSection
EndGlobal
