
Microsoft Visual Studio Solution File, Format Version 12.00
# Visual Studio Version 16
VisualStudioVersion = 16.0.35229.62
MinimumVisualStudioVersion = 10.0.40219.1
Project("{FAE04EC0-301F-11D3-BF4B-00C04F79EFBC}") = "ImageProcessingApplication", "ImageProcessingApplication\ImageProcessingApplication.csproj", "{A6EA7D27-1605-4D93-B2D3-59FF89712C67}"
EndProject
Project("{FAE04EC0-301F-11D3-BF4B-00C04F79EFBC}") = "ImageProcessingApplication.Tests", "ImageProcessingApplication.Tests\ImageProcessingApplication.Tests.csproj", "{589ABB6F-C0C3-4501-911D-D9EB19B20768}"
EndProject
Project("{FAE04EC0-301F-11D3-BF4B-00C04F79EFBC}") = "ProcessorAlgorithm", "ProcessorAlgorithm\ProcessorAlgorithm.csproj", "{7C783F8A-71F4-4266-94A8-89529DA94B3C}"
EndProject
Project("{2150E333-8FDC-42A3-9474-1A3956D46DE8}") = "ProcessingAlgorithms", "ProcessingAlgorithms", "{FD57A911-6FC0-4CCD-9CA7-1FCC160E7639}"
EndProject
Project("{FAE04EC0-301F-11D3-BF4B-00C04F79EFBC}") = "TelegramBot", "TelegramBot\TelegramBot.csproj", "{52F4F24E-7A08-44D7-B7D2-4BA8398820AB}"
EndProject
Project("{FAE04EC0-301F-11D3-BF4B-00C04F79EFBC}") = "ImageProcessingSobel", "ImageProcessingSobel\ImageProcessingSobel.csproj", "{CAFC9C57-52E1-4B83-831E-60B2A019CDD4}"
EndProject
Global
	GlobalSection(SolutionConfigurationPlatforms) = preSolution
		Debug|Any CPU = Debug|Any CPU
		Debug|x64 = Debug|x64
		Release|Any CPU = Release|Any CPU
		Release|x64 = Release|x64
	EndGlobalSection
	GlobalSection(ProjectConfigurationPlatforms) = postSolution
		{A6EA7D27-1605-4D93-B2D3-59FF89712C67}.Debug|Any CPU.ActiveCfg = Debug|Any CPU
		{A6EA7D27-1605-4D93-B2D3-59FF89712C67}.Debug|Any CPU.Build.0 = Debug|Any CPU
		{A6EA7D27-1605-4D93-B2D3-59FF89712C67}.Debug|x64.ActiveCfg = Debug|x64
		{A6EA7D27-1605-4D93-B2D3-59FF89712C67}.Debug|x64.Build.0 = Debug|x64
		{A6EA7D27-1605-4D93-B2D3-59FF89712C67}.Release|Any CPU.ActiveCfg = Release|Any CPU
		{A6EA7D27-1605-4D93-B2D3-59FF89712C67}.Release|Any CPU.Build.0 = Release|Any CPU
		{A6EA7D27-1605-4D93-B2D3-59FF89712C67}.Release|x64.ActiveCfg = Release|x64
		{A6EA7D27-1605-4D93-B2D3-59FF89712C67}.Release|x64.Build.0 = Release|x64
		{589ABB6F-C0C3-4501-911D-D9EB19B20768}.Debug|Any CPU.ActiveCfg = Debug|Any CPU
		{589ABB6F-C0C3-4501-911D-D9EB19B20768}.Debug|Any CPU.Build.0 = Debug|Any CPU
		{589ABB6F-C0C3-4501-911D-D9EB19B20768}.Debug|x64.ActiveCfg = Debug|Any CPU
		{589ABB6F-C0C3-4501-911D-D9EB19B20768}.Release|Any CPU.ActiveCfg = Release|Any CPU
		{589ABB6F-C0C3-4501-911D-D9EB19B20768}.Release|Any CPU.Build.0 = Release|Any CPU
		{589ABB6F-C0C3-4501-911D-D9EB19B20768}.Release|x64.ActiveCfg = Release|Any CPU
		{7C783F8A-71F4-4266-94A8-89529DA94B3C}.Debug|Any CPU.ActiveCfg = Debug|Any CPU
		{7C783F8A-71F4-4266-94A8-89529DA94B3C}.Debug|Any CPU.Build.0 = Debug|Any CPU
		{7C783F8A-71F4-4266-94A8-89529DA94B3C}.Debug|x64.ActiveCfg = Debug|x64
		{7C783F8A-71F4-4266-94A8-89529DA94B3C}.Debug|x64.Build.0 = Debug|x64
		{7C783F8A-71F4-4266-94A8-89529DA94B3C}.Release|Any CPU.ActiveCfg = Release|Any CPU
		{7C783F8A-71F4-4266-94A8-89529DA94B3C}.Release|Any CPU.Build.0 = Release|Any CPU
		{7C783F8A-71F4-4266-94A8-89529DA94B3C}.Release|x64.ActiveCfg = Release|x64
		{7C783F8A-71F4-4266-94A8-89529DA94B3C}.Release|x64.Build.0 = Release|x64
		{52F4F24E-7A08-44D7-B7D2-4BA8398820AB}.Debug|Any CPU.ActiveCfg = Debug|Any CPU
		{52F4F24E-7A08-44D7-B7D2-4BA8398820AB}.Debug|Any CPU.Build.0 = Debug|Any CPU
		{52F4F24E-7A08-44D7-B7D2-4BA8398820AB}.Debug|x64.ActiveCfg = Debug|x64
		{52F4F24E-7A08-44D7-B7D2-4BA8398820AB}.Debug|x64.Build.0 = Debug|x64
		{52F4F24E-7A08-44D7-B7D2-4BA8398820AB}.Release|Any CPU.ActiveCfg = Release|Any CPU
		{52F4F24E-7A08-44D7-B7D2-4BA8398820AB}.Release|Any CPU.Build.0 = Release|Any CPU
		{52F4F24E-7A08-44D7-B7D2-4BA8398820AB}.Release|x64.ActiveCfg = Release|x64
		{52F4F24E-7A08-44D7-B7D2-4BA8398820AB}.Release|x64.Build.0 = Release|x64
		{CAFC9C57-52E1-4B83-831E-60B2A019CDD4}.Debug|Any CPU.ActiveCfg = Debug|Any CPU
		{CAFC9C57-52E1-4B83-831E-60B2A019CDD4}.Debug|Any CPU.Build.0 = Debug|Any CPU
		{CAFC9C57-52E1-4B83-831E-60B2A019CDD4}.Debug|x64.ActiveCfg = Debug|x64
		{CAFC9C57-52E1-4B83-831E-60B2A019CDD4}.Debug|x64.Build.0 = Debug|x64
		{CAFC9C57-52E1-4B83-831E-60B2A019CDD4}.Release|Any CPU.ActiveCfg = Release|Any CPU
		{CAFC9C57-52E1-4B83-831E-60B2A019CDD4}.Release|Any CPU.Build.0 = Release|Any CPU
		{CAFC9C57-52E1-4B83-831E-60B2A019CDD4}.Release|x64.ActiveCfg = Release|x64
		{CAFC9C57-52E1-4B83-831E-60B2A019CDD4}.Release|x64.Build.0 = Release|x64
	EndGlobalSection
	GlobalSection(SolutionProperties) = preSolution
		HideSolutionNode = FALSE
	EndGlobalSection
	GlobalSection(NestedProjects) = preSolution
		{CAFC9C57-52E1-4B83-831E-60B2A019CDD4} = {FD57A911-6FC0-4CCD-9CA7-1FCC160E7639}
	EndGlobalSection
	GlobalSection(ExtensibilityGlobals) = postSolution
		SolutionGuid = {B9ED64CD-7CF7-417C-B8C5-2FDAAD00B3A1}
	EndGlobalSection
EndGlobal
